
Microsoft Visual Studio Solution File, Format Version 12.00
# Visual Studio 14
VisualStudioVersion = 14.0.25420.1
MinimumVisualStudioVersion = 10.0.40219.1
Project("{FAE04EC0-301F-11D3-BF4B-00C04F79EFBC}") = "DB-Assignment2", "DB-Assignment2\DB-Assignment2.csproj", "{EDE4AFDA-061E-4F7E-B7B8-6B38557A22A1}"
EndProject
Project("{00D1A9C2-B5F0-4AF3-8072-F6C62B433612}") = "NORTHWND-Assignment2", "NORTHWND-Assignment2\NORTHWND-Assignment2.sqlproj", "{8ADCBEF1-0579-4F4D-929B-8CBA6880B661}"
EndProject
Global
	GlobalSection(SolutionConfigurationPlatforms) = preSolution
		Debug|Any CPU = Debug|Any CPU
		Release|Any CPU = Release|Any CPU
	EndGlobalSection
	GlobalSection(ProjectConfigurationPlatforms) = postSolution
		{EDE4AFDA-061E-4F7E-B7B8-6B38557A22A1}.Debug|Any CPU.ActiveCfg = Debug|Any CPU
		{EDE4AFDA-061E-4F7E-B7B8-6B38557A22A1}.Debug|Any CPU.Build.0 = Debug|Any CPU
		{EDE4AFDA-061E-4F7E-B7B8-6B38557A22A1}.Release|Any CPU.ActiveCfg = Release|Any CPU
		{EDE4AFDA-061E-4F7E-B7B8-6B38557A22A1}.Release|Any CPU.Build.0 = Release|Any CPU
		{8ADCBEF1-0579-4F4D-929B-8CBA6880B661}.Debug|Any CPU.ActiveCfg = Debug|Any CPU
		{8ADCBEF1-0579-4F4D-929B-8CBA6880B661}.Debug|Any CPU.Build.0 = Debug|Any CPU
		{8ADCBEF1-0579-4F4D-929B-8CBA6880B661}.Debug|Any CPU.Deploy.0 = Debug|Any CPU
		{8ADCBEF1-0579-4F4D-929B-8CBA6880B661}.Release|Any CPU.ActiveCfg = Release|Any CPU
		{8ADCBEF1-0579-4F4D-929B-8CBA6880B661}.Release|Any CPU.Build.0 = Release|Any CPU
		{8ADCBEF1-0579-4F4D-929B-8CBA6880B661}.Release|Any CPU.Deploy.0 = Release|Any CPU
	EndGlobalSection
	GlobalSection(SolutionProperties) = preSolution
		HideSolutionNode = FALSE
	EndGlobalSection
EndGlobal
